
Microsoft Visual Studio Solution File, Format Version 12.00
# Visual Studio Version 16
VisualStudioVersion = 16.0.31410.357
MinimumVisualStudioVersion = 10.0.40219.1
Project("{9A19103F-16F7-4668-BE54-9A1E7A4F7556}") = "PSO2Launcher", "PSO2Launcher\PSO2Launcher.csproj", "{4956783D-2EE0-4DAC-BE18-4368258395FB}"
EndProject
Project("{9A19103F-16F7-4668-BE54-9A1E7A4F7556}") = "Updater", "Updater\Updater.csproj", "{F39D5DDE-A8B8-4986-BAD5-079CC564AAB3}"
EndProject
Project("{9A19103F-16F7-4668-BE54-9A1E7A4F7556}") = "LauncherCore", "LauncherCore\LauncherCore.csproj", "{604A4300-B685-4A05-8A29-387B41C78114}"
EndProject
Project("{9A19103F-16F7-4668-BE54-9A1E7A4F7556}") = "WebViewCompat", "WebViewCompat\WebViewCompat.csproj", "{EA624C84-72F0-41E7-A073-17CD54109231}"
EndProject
Project("{9A19103F-16F7-4668-BE54-9A1E7A4F7556}") = "Leayal.SharedInterfaces", "Leayal.SharedInterfaces\Leayal.SharedInterfaces.csproj", "{ECC24A18-75B7-4B19-8B4E-1E8909DF95D6}"
EndProject
Project("{FAE04EC0-301F-11D3-BF4B-00C04F79EFBC}") = "AdminServer", "AdminServer\AdminServer.csproj", "{CF07507C-87A2-4101-BB7D-0BA0315F6570}"
EndProject
Global
	GlobalSection(SolutionConfigurationPlatforms) = preSolution
		Debug|Any CPU = Debug|Any CPU
		Release|Any CPU = Release|Any CPU
	EndGlobalSection
	GlobalSection(ProjectConfigurationPlatforms) = postSolution
		{4956783D-2EE0-4DAC-BE18-4368258395FB}.Debug|Any CPU.ActiveCfg = Debug|Any CPU
		{4956783D-2EE0-4DAC-BE18-4368258395FB}.Debug|Any CPU.Build.0 = Debug|Any CPU
		{4956783D-2EE0-4DAC-BE18-4368258395FB}.Release|Any CPU.ActiveCfg = Release|Any CPU
		{4956783D-2EE0-4DAC-BE18-4368258395FB}.Release|Any CPU.Build.0 = Release|Any CPU
		{F39D5DDE-A8B8-4986-BAD5-079CC564AAB3}.Debug|Any CPU.ActiveCfg = Debug|Any CPU
		{F39D5DDE-A8B8-4986-BAD5-079CC564AAB3}.Debug|Any CPU.Build.0 = Debug|Any CPU
		{F39D5DDE-A8B8-4986-BAD5-079CC564AAB3}.Release|Any CPU.ActiveCfg = Release|Any CPU
		{F39D5DDE-A8B8-4986-BAD5-079CC564AAB3}.Release|Any CPU.Build.0 = Release|Any CPU
		{604A4300-B685-4A05-8A29-387B41C78114}.Debug|Any CPU.ActiveCfg = Debug|Any CPU
		{604A4300-B685-4A05-8A29-387B41C78114}.Debug|Any CPU.Build.0 = Debug|Any CPU
		{604A4300-B685-4A05-8A29-387B41C78114}.Release|Any CPU.ActiveCfg = Release|Any CPU
		{604A4300-B685-4A05-8A29-387B41C78114}.Release|Any CPU.Build.0 = Release|Any CPU
		{EA624C84-72F0-41E7-A073-17CD54109231}.Debug|Any CPU.ActiveCfg = Debug|Any CPU
		{EA624C84-72F0-41E7-A073-17CD54109231}.Debug|Any CPU.Build.0 = Debug|Any CPU
		{EA624C84-72F0-41E7-A073-17CD54109231}.Release|Any CPU.ActiveCfg = Release|Any CPU
		{EA624C84-72F0-41E7-A073-17CD54109231}.Release|Any CPU.Build.0 = Release|Any CPU
		{ECC24A18-75B7-4B19-8B4E-1E8909DF95D6}.Debug|Any CPU.ActiveCfg = Debug|Any CPU
		{ECC24A18-75B7-4B19-8B4E-1E8909DF95D6}.Debug|Any CPU.Build.0 = Debug|Any CPU
		{ECC24A18-75B7-4B19-8B4E-1E8909DF95D6}.Release|Any CPU.ActiveCfg = Release|Any CPU
		{ECC24A18-75B7-4B19-8B4E-1E8909DF95D6}.Release|Any CPU.Build.0 = Release|Any CPU
		{CF07507C-87A2-4101-BB7D-0BA0315F6570}.Debug|Any CPU.ActiveCfg = Debug|Any CPU
		{CF07507C-87A2-4101-BB7D-0BA0315F6570}.Debug|Any CPU.Build.0 = Debug|Any CPU
		{CF07507C-87A2-4101-BB7D-0BA0315F6570}.Release|Any CPU.ActiveCfg = Release|Any CPU
		{CF07507C-87A2-4101-BB7D-0BA0315F6570}.Release|Any CPU.Build.0 = Release|Any CPU
	EndGlobalSection
	GlobalSection(SolutionProperties) = preSolution
		HideSolutionNode = FALSE
	EndGlobalSection
	GlobalSection(ExtensibilityGlobals) = postSolution
		SolutionGuid = {7E9A31FA-53CA-4FC6-B35F-66487C5247FF}
	EndGlobalSection
EndGlobal
