
Microsoft Visual Studio Solution File, Format Version 12.00
# Visual Studio Version 16
VisualStudioVersion = 16.0.31410.357
MinimumVisualStudioVersion = 10.0.40219.1
Project("{9A19103F-16F7-4668-BE54-9A1E7A4F7556}") = "PSO2Launcher", "PSO2Launcher\PSO2Launcher.csproj", "{4956783D-2EE0-4DAC-BE18-4368258395FB}"
EndProject
Project("{9A19103F-16F7-4668-BE54-9A1E7A4F7556}") = "Updater", "Updater\Updater.csproj", "{F39D5DDE-A8B8-4986-BAD5-079CC564AAB3}"
EndProject
Project("{9A19103F-16F7-4668-BE54-9A1E7A4F7556}") = "LauncherCore", "LauncherCore\LauncherCore.csproj", "{604A4300-B685-4A05-8A29-387B41C78114}"
EndProject
Project("{9A19103F-16F7-4668-BE54-9A1E7A4F7556}") = "WebViewCompat", "WebViewCompat\WebViewCompat.csproj", "{EA624C84-72F0-41E7-A073-17CD54109231}"
EndProject
Project("{9A19103F-16F7-4668-BE54-9A1E7A4F7556}") = "Leayal.SharedInterfaces", "Leayal.SharedInterfaces\Leayal.SharedInterfaces.csproj", "{ECC24A18-75B7-4B19-8B4E-1E8909DF95D6}"
EndProject
Project("{9A19103F-16F7-4668-BE54-9A1E7A4F7556}") = "AdminProcess", "AdminServer\AdminProcess.csproj", "{CF07507C-87A2-4101-BB7D-0BA0315F6570}"
EndProject
Project("{9A19103F-16F7-4668-BE54-9A1E7A4F7556}") = "SHA1Maker", "SHA1Maker\SHA1Maker.csproj", "{7CB248DB-6B40-412B-84B5-61AB542A6516}"
EndProject
Project("{9A19103F-16F7-4668-BE54-9A1E7A4F7556}") = "Leayal.PSO2.UserConfig", "Leayal.PSO2Launcher.UserConfig\Leayal.PSO2.UserConfig.csproj", "{56FAC75E-CA2C-48F5-B30A-036DC9520BA6}"
EndProject
Project("{9A19103F-16F7-4668-BE54-9A1E7A4F7556}") = "Leayal.Shared", "Leayal.Shared\Leayal.Shared.csproj", "{443B5D7E-7857-438C-8961-F3A7F15B3E8B}"
EndProject
Project("{9A19103F-16F7-4668-BE54-9A1E7A4F7556}") = "StackOverflow.Core", "StackOverflow.Core\StackOverflow.Core.csproj", "{F799D3F1-A31D-4F58-BEAC-B7F6134FB146}"
EndProject
Project("{FAE04EC0-301F-11D3-BF4B-00C04F79EFBC}") = "LauncherRSS", "LauncherRSS\LauncherRSS.csproj", "{BBDF19BE-970D-4A3D-8856-B14E1031E655}"
EndProject
Project("{FAE04EC0-301F-11D3-BF4B-00C04F79EFBC}") = "PSUBlogRSSFeed", "PSUBlogRSSFeed\PSUBlogRSSFeed.csproj", "{460F03AC-D59E-450C-8D6C-8D174646358C}"
EndProject
Global
	GlobalSection(SolutionConfigurationPlatforms) = preSolution
		Debug|Any CPU = Debug|Any CPU
		Release|Any CPU = Release|Any CPU
	EndGlobalSection
	GlobalSection(ProjectConfigurationPlatforms) = postSolution
		{4956783D-2EE0-4DAC-BE18-4368258395FB}.Debug|Any CPU.ActiveCfg = Debug|Any CPU
		{4956783D-2EE0-4DAC-BE18-4368258395FB}.Debug|Any CPU.Build.0 = Debug|Any CPU
		{4956783D-2EE0-4DAC-BE18-4368258395FB}.Release|Any CPU.ActiveCfg = Release|Any CPU
		{4956783D-2EE0-4DAC-BE18-4368258395FB}.Release|Any CPU.Build.0 = Release|Any CPU
		{F39D5DDE-A8B8-4986-BAD5-079CC564AAB3}.Debug|Any CPU.ActiveCfg = Debug|Any CPU
		{F39D5DDE-A8B8-4986-BAD5-079CC564AAB3}.Debug|Any CPU.Build.0 = Debug|Any CPU
		{F39D5DDE-A8B8-4986-BAD5-079CC564AAB3}.Release|Any CPU.ActiveCfg = Release|Any CPU
		{F39D5DDE-A8B8-4986-BAD5-079CC564AAB3}.Release|Any CPU.Build.0 = Release|Any CPU
		{604A4300-B685-4A05-8A29-387B41C78114}.Debug|Any CPU.ActiveCfg = Debug|Any CPU
		{604A4300-B685-4A05-8A29-387B41C78114}.Debug|Any CPU.Build.0 = Debug|Any CPU
		{604A4300-B685-4A05-8A29-387B41C78114}.Release|Any CPU.ActiveCfg = Release|Any CPU
		{604A4300-B685-4A05-8A29-387B41C78114}.Release|Any CPU.Build.0 = Release|Any CPU
		{EA624C84-72F0-41E7-A073-17CD54109231}.Debug|Any CPU.ActiveCfg = Debug|Any CPU
		{EA624C84-72F0-41E7-A073-17CD54109231}.Debug|Any CPU.Build.0 = Debug|Any CPU
		{EA624C84-72F0-41E7-A073-17CD54109231}.Release|Any CPU.ActiveCfg = Release|Any CPU
		{EA624C84-72F0-41E7-A073-17CD54109231}.Release|Any CPU.Build.0 = Release|Any CPU
		{ECC24A18-75B7-4B19-8B4E-1E8909DF95D6}.Debug|Any CPU.ActiveCfg = Debug|Any CPU
		{ECC24A18-75B7-4B19-8B4E-1E8909DF95D6}.Debug|Any CPU.Build.0 = Debug|Any CPU
		{ECC24A18-75B7-4B19-8B4E-1E8909DF95D6}.Release|Any CPU.ActiveCfg = Release|Any CPU
		{ECC24A18-75B7-4B19-8B4E-1E8909DF95D6}.Release|Any CPU.Build.0 = Release|Any CPU
		{CF07507C-87A2-4101-BB7D-0BA0315F6570}.Debug|Any CPU.ActiveCfg = Debug|Any CPU
		{CF07507C-87A2-4101-BB7D-0BA0315F6570}.Debug|Any CPU.Build.0 = Debug|Any CPU
		{CF07507C-87A2-4101-BB7D-0BA0315F6570}.Release|Any CPU.ActiveCfg = Release|Any CPU
		{CF07507C-87A2-4101-BB7D-0BA0315F6570}.Release|Any CPU.Build.0 = Release|Any CPU
		{7CB248DB-6B40-412B-84B5-61AB542A6516}.Debug|Any CPU.ActiveCfg = Debug|Any CPU
		{7CB248DB-6B40-412B-84B5-61AB542A6516}.Debug|Any CPU.Build.0 = Debug|Any CPU
		{7CB248DB-6B40-412B-84B5-61AB542A6516}.Release|Any CPU.ActiveCfg = Release|Any CPU
		{7CB248DB-6B40-412B-84B5-61AB542A6516}.Release|Any CPU.Build.0 = Release|Any CPU
		{56FAC75E-CA2C-48F5-B30A-036DC9520BA6}.Debug|Any CPU.ActiveCfg = Debug|Any CPU
		{56FAC75E-CA2C-48F5-B30A-036DC9520BA6}.Debug|Any CPU.Build.0 = Debug|Any CPU
		{56FAC75E-CA2C-48F5-B30A-036DC9520BA6}.Release|Any CPU.ActiveCfg = Release|Any CPU
		{56FAC75E-CA2C-48F5-B30A-036DC9520BA6}.Release|Any CPU.Build.0 = Release|Any CPU
		{443B5D7E-7857-438C-8961-F3A7F15B3E8B}.Debug|Any CPU.ActiveCfg = Debug|Any CPU
		{443B5D7E-7857-438C-8961-F3A7F15B3E8B}.Debug|Any CPU.Build.0 = Debug|Any CPU
		{443B5D7E-7857-438C-8961-F3A7F15B3E8B}.Release|Any CPU.ActiveCfg = Release|Any CPU
		{443B5D7E-7857-438C-8961-F3A7F15B3E8B}.Release|Any CPU.Build.0 = Release|Any CPU
		{F799D3F1-A31D-4F58-BEAC-B7F6134FB146}.Debug|Any CPU.ActiveCfg = Debug|Any CPU
		{F799D3F1-A31D-4F58-BEAC-B7F6134FB146}.Debug|Any CPU.Build.0 = Debug|Any CPU
		{F799D3F1-A31D-4F58-BEAC-B7F6134FB146}.Release|Any CPU.ActiveCfg = Release|Any CPU
		{F799D3F1-A31D-4F58-BEAC-B7F6134FB146}.Release|Any CPU.Build.0 = Release|Any CPU
		{BBDF19BE-970D-4A3D-8856-B14E1031E655}.Debug|Any CPU.ActiveCfg = Debug|Any CPU
		{BBDF19BE-970D-4A3D-8856-B14E1031E655}.Debug|Any CPU.Build.0 = Debug|Any CPU
		{BBDF19BE-970D-4A3D-8856-B14E1031E655}.Release|Any CPU.ActiveCfg = Release|Any CPU
		{BBDF19BE-970D-4A3D-8856-B14E1031E655}.Release|Any CPU.Build.0 = Release|Any CPU
		{460F03AC-D59E-450C-8D6C-8D174646358C}.Debug|Any CPU.ActiveCfg = Debug|Any CPU
		{460F03AC-D59E-450C-8D6C-8D174646358C}.Debug|Any CPU.Build.0 = Debug|Any CPU
		{460F03AC-D59E-450C-8D6C-8D174646358C}.Release|Any CPU.ActiveCfg = Release|Any CPU
		{460F03AC-D59E-450C-8D6C-8D174646358C}.Release|Any CPU.Build.0 = Release|Any CPU
	EndGlobalSection
	GlobalSection(SolutionProperties) = preSolution
		HideSolutionNode = FALSE
	EndGlobalSection
	GlobalSection(ExtensibilityGlobals) = postSolution
		SolutionGuid = {7E9A31FA-53CA-4FC6-B35F-66487C5247FF}
	EndGlobalSection
EndGlobal
